
Microsoft Visual Studio Solution File, Format Version 12.00
# Visual Studio Version 16
VisualStudioVersion = 16.0.30907.101
MinimumVisualStudioVersion = 10.0.40219.1
Project("{FAE04EC0-301F-11D3-BF4B-00C04F79EFBC}") = "BuilderingApp", "BuilderingApp\BuilderingApp.csproj", "{C9A6C6D0-FFEF-45C7-BEB2-FD88D840BD1E}"
EndProject
Global
	GlobalSection(SolutionConfigurationPlatforms) = preSolution
		Debug|Any CPU = Debug|Any CPU
		Release|Any CPU = Release|Any CPU
	EndGlobalSection
	GlobalSection(ProjectConfigurationPlatforms) = postSolution
		{C9A6C6D0-FFEF-45C7-BEB2-FD88D840BD1E}.Debug|Any CPU.ActiveCfg = Debug|Any CPU
		{C9A6C6D0-FFEF-45C7-BEB2-FD88D840BD1E}.Debug|Any CPU.Build.0 = Debug|Any CPU
		{C9A6C6D0-FFEF-45C7-BEB2-FD88D840BD1E}.Release|Any CPU.ActiveCfg = Release|Any CPU
		{C9A6C6D0-FFEF-45C7-BEB2-FD88D840BD1E}.Release|Any CPU.Build.0 = Release|Any CPU
	EndGlobalSection
	GlobalSection(SolutionProperties) = preSolution
		HideSolutionNode = FALSE
	EndGlobalSection
	GlobalSection(ExtensibilityGlobals) = postSolution
		SolutionGuid = {3AA5BB77-F2B2-4F36-9670-254854E2643F}
	EndGlobalSection
EndGlobal
